// !$*UTF8*$!
{
	archiveVersion = 1;
	classes = {
	};
	objectVersion = 50;
	objects = {

/* Begin PBXBuildFile section */
		02174519F435E56D38B5B7FD /* Pods_Test_GuiaBolso.framework in Frameworks */ = {isa = PBXBuildFile; fileRef = 1D286B738790CD5E6903CA20 /* Pods_Test_GuiaBolso.framework */; };
		248AFF72B5893B5193FECC28 /* libPods-Test.GuiaBolsoUITests.a in Frameworks */ = {isa = PBXBuildFile; fileRef = CBDF0535D7EA85841CD8B169 /* libPods-Test.GuiaBolsoUITests.a */; };
		56305E44F2AD6FA6A63623D6 /* Pods_Test_GuiaBolsoTests.framework in Frameworks */ = {isa = PBXBuildFile; fileRef = 74E0904816E3134680E0985F /* Pods_Test_GuiaBolsoTests.framework */; };
		FDC3168022C8296200CBEA84 /* GeneratedMocks.swift in Sources */ = {isa = PBXBuildFile; fileRef = FDC3167F22C8296200CBEA84 /* GeneratedMocks.swift */; };
		FDC3168422C83FC500CBEA84 /* CategoriesInteractorTests.swift in Sources */ = {isa = PBXBuildFile; fileRef = FDC3168322C83FC500CBEA84 /* CategoriesInteractorTests.swift */; };
		FDC3168722C8506400CBEA84 /* JokeInteractorTests.swift in Sources */ = {isa = PBXBuildFile; fileRef = FDC3168622C8506400CBEA84 /* JokeInteractorTests.swift */; };
		FDD7BDF222C5A86600B991F5 /* AppDelegate.swift in Sources */ = {isa = PBXBuildFile; fileRef = FDD7BDF122C5A86600B991F5 /* AppDelegate.swift */; };
		FDD7BDF922C5A86700B991F5 /* Assets.xcassets in Resources */ = {isa = PBXBuildFile; fileRef = FDD7BDF822C5A86700B991F5 /* Assets.xcassets */; };
		FDD7BDFC22C5A86700B991F5 /* LaunchScreen.storyboard in Resources */ = {isa = PBXBuildFile; fileRef = FDD7BDFA22C5A86700B991F5 /* LaunchScreen.storyboard */; };
		FDD7BE1222C5A86700B991F5 /* Test_GuiaBolsoUITests.swift in Sources */ = {isa = PBXBuildFile; fileRef = FDD7BE1122C5A86700B991F5 /* Test_GuiaBolsoUITests.swift */; };
		FDE4864422C5AD9F003C0E83 /* CategoriesPresenter.swift in Sources */ = {isa = PBXBuildFile; fileRef = FDE4863E22C5AD9F003C0E83 /* CategoriesPresenter.swift */; };
		FDE4864522C5AD9F003C0E83 /* CategoriesWorker.swift in Sources */ = {isa = PBXBuildFile; fileRef = FDE4863F22C5AD9F003C0E83 /* CategoriesWorker.swift */; };
		FDE4864622C5AD9F003C0E83 /* CategoriesRouter.swift in Sources */ = {isa = PBXBuildFile; fileRef = FDE4864022C5AD9F003C0E83 /* CategoriesRouter.swift */; };
		FDE4864722C5AD9F003C0E83 /* CategoriesModels.swift in Sources */ = {isa = PBXBuildFile; fileRef = FDE4864122C5AD9F003C0E83 /* CategoriesModels.swift */; };
		FDE4864822C5AD9F003C0E83 /* CategoriesViewController.swift in Sources */ = {isa = PBXBuildFile; fileRef = FDE4864222C5AD9F003C0E83 /* CategoriesViewController.swift */; };
		FDE4864922C5AD9F003C0E83 /* CategoriesInteractor.swift in Sources */ = {isa = PBXBuildFile; fileRef = FDE4864322C5AD9F003C0E83 /* CategoriesInteractor.swift */; };
		FDE4864C22C5ADC4003C0E83 /* Categories.storyboard in Resources */ = {isa = PBXBuildFile; fileRef = FDE4864B22C5ADC4003C0E83 /* Categories.storyboard */; };
		FDE4865222C5AF51003C0E83 /* R.generated.swift in Sources */ = {isa = PBXBuildFile; fileRef = FDE4865122C5AF51003C0E83 /* R.generated.swift */; };
		FDE4865522C5AFEB003C0E83 /* Endpoint.swift in Sources */ = {isa = PBXBuildFile; fileRef = FDE4865422C5AFEB003C0E83 /* Endpoint.swift */; };
		FDE4865722C5B03F003C0E83 /* Networking.strings in Resources */ = {isa = PBXBuildFile; fileRef = FDE4865622C5B03F003C0E83 /* Networking.strings */; };
		FDE4865922C5B08C003C0E83 /* NetworkProvider.swift in Sources */ = {isa = PBXBuildFile; fileRef = FDE4865822C5B08C003C0E83 /* NetworkProvider.swift */; };
		FDE4865C22C5B22F003C0E83 /* Endpoint+Categories.swift in Sources */ = {isa = PBXBuildFile; fileRef = FDE4865B22C5B22F003C0E83 /* Endpoint+Categories.swift */; };
		FDE4865E22C5B50C003C0E83 /* CategoriesViewController+DisplayLogic.swift in Sources */ = {isa = PBXBuildFile; fileRef = FDE4865D22C5B50C003C0E83 /* CategoriesViewController+DisplayLogic.swift */; };
		FDE4866122C5B606003C0E83 /* Categories.strings in Resources */ = {isa = PBXBuildFile; fileRef = FDE4866022C5B606003C0E83 /* Categories.strings */; };
		FDE4866522C5B83D003C0E83 /* CategoryTableViewCell.swift in Sources */ = {isa = PBXBuildFile; fileRef = FDE4866322C5B83D003C0E83 /* CategoryTableViewCell.swift */; };
		FDE4866622C5B83D003C0E83 /* CategoryTableViewCell.xib in Resources */ = {isa = PBXBuildFile; fileRef = FDE4866422C5B83D003C0E83 /* CategoryTableViewCell.xib */; };
		FDE4866822C5BC59003C0E83 /* Colors.swift in Sources */ = {isa = PBXBuildFile; fileRef = FDE4866722C5BC59003C0E83 /* Colors.swift */; };
		FDE4867022C5C3EB003C0E83 /* JokePresenter.swift in Sources */ = {isa = PBXBuildFile; fileRef = FDE4866A22C5C3EB003C0E83 /* JokePresenter.swift */; };
		FDE4867122C5C3EB003C0E83 /* JokeWorker.swift in Sources */ = {isa = PBXBuildFile; fileRef = FDE4866B22C5C3EB003C0E83 /* JokeWorker.swift */; };
		FDE4867222C5C3EB003C0E83 /* JokeRouter.swift in Sources */ = {isa = PBXBuildFile; fileRef = FDE4866C22C5C3EB003C0E83 /* JokeRouter.swift */; };
		FDE4867322C5C3EB003C0E83 /* JokeModels.swift in Sources */ = {isa = PBXBuildFile; fileRef = FDE4866D22C5C3EB003C0E83 /* JokeModels.swift */; };
		FDE4867422C5C3EB003C0E83 /* JokeViewController.swift in Sources */ = {isa = PBXBuildFile; fileRef = FDE4866E22C5C3EB003C0E83 /* JokeViewController.swift */; };
		FDE4867522C5C3EB003C0E83 /* JokeInteractor.swift in Sources */ = {isa = PBXBuildFile; fileRef = FDE4866F22C5C3EB003C0E83 /* JokeInteractor.swift */; };
		FDE4867822C5C48B003C0E83 /* JokeViewController.xib in Resources */ = {isa = PBXBuildFile; fileRef = FDE4867722C5C48B003C0E83 /* JokeViewController.xib */; };
		FDE4867A22C5C779003C0E83 /* JokeViewController+DisplayLogic.swift in Sources */ = {isa = PBXBuildFile; fileRef = FDE4867922C5C779003C0E83 /* JokeViewController+DisplayLogic.swift */; };
		FDE4867C22C5C835003C0E83 /* Endpoint+Jokes.swift in Sources */ = {isa = PBXBuildFile; fileRef = FDE4867B22C5C835003C0E83 /* Endpoint+Jokes.swift */; };
		FDE4867F22C5CE95003C0E83 /* Joke.strings in Resources */ = {isa = PBXBuildFile; fileRef = FDE4867E22C5CE95003C0E83 /* Joke.strings */; };
		FDE4868122C5D273003C0E83 /* VisitPageButton.swift in Sources */ = {isa = PBXBuildFile; fileRef = FDE4868022C5D273003C0E83 /* VisitPageButton.swift */; };
/* End PBXBuildFile section */

/* Begin PBXContainerItemProxy section */
		FDD7BE0322C5A86700B991F5 /* PBXContainerItemProxy */ = {
			isa = PBXContainerItemProxy;
			containerPortal = FDD7BDE622C5A86600B991F5 /* Project object */;
			proxyType = 1;
			remoteGlobalIDString = FDD7BDED22C5A86600B991F5;
			remoteInfo = Test.GuiaBolso;
		};
		FDD7BE0E22C5A86700B991F5 /* PBXContainerItemProxy */ = {
			isa = PBXContainerItemProxy;
			containerPortal = FDD7BDE622C5A86600B991F5 /* Project object */;
			proxyType = 1;
			remoteGlobalIDString = FDD7BDED22C5A86600B991F5;
			remoteInfo = Test.GuiaBolso;
		};
/* End PBXContainerItemProxy section */

/* Begin PBXFileReference section */
		06182766EEABCE17A2745DCB /* Pods-Test.GuiaBolso.release.xcconfig */ = {isa = PBXFileReference; includeInIndex = 1; lastKnownFileType = text.xcconfig; name = "Pods-Test.GuiaBolso.release.xcconfig"; path = "Target Support Files/Pods-Test.GuiaBolso/Pods-Test.GuiaBolso.release.xcconfig"; sourceTree = "<group>"; };
		195534FB09E1AE998720967F /* Pods-Test.GuiaBolso.debug.xcconfig */ = {isa = PBXFileReference; includeInIndex = 1; lastKnownFileType = text.xcconfig; name = "Pods-Test.GuiaBolso.debug.xcconfig"; path = "Target Support Files/Pods-Test.GuiaBolso/Pods-Test.GuiaBolso.debug.xcconfig"; sourceTree = "<group>"; };
		1D286B738790CD5E6903CA20 /* Pods_Test_GuiaBolso.framework */ = {isa = PBXFileReference; explicitFileType = wrapper.framework; includeInIndex = 0; path = Pods_Test_GuiaBolso.framework; sourceTree = BUILT_PRODUCTS_DIR; };
		4B4797643125EFADBFFB71ED /* Pods-Test.GuiaBolsoUITests.release.xcconfig */ = {isa = PBXFileReference; includeInIndex = 1; lastKnownFileType = text.xcconfig; name = "Pods-Test.GuiaBolsoUITests.release.xcconfig"; path = "Target Support Files/Pods-Test.GuiaBolsoUITests/Pods-Test.GuiaBolsoUITests.release.xcconfig"; sourceTree = "<group>"; };
		7014BD92686D4594E2075A27 /* Pods-Test.GuiaBolsoUITests.debug.xcconfig */ = {isa = PBXFileReference; includeInIndex = 1; lastKnownFileType = text.xcconfig; name = "Pods-Test.GuiaBolsoUITests.debug.xcconfig"; path = "Target Support Files/Pods-Test.GuiaBolsoUITests/Pods-Test.GuiaBolsoUITests.debug.xcconfig"; sourceTree = "<group>"; };
		74E0904816E3134680E0985F /* Pods_Test_GuiaBolsoTests.framework */ = {isa = PBXFileReference; explicitFileType = wrapper.framework; includeInIndex = 0; path = Pods_Test_GuiaBolsoTests.framework; sourceTree = BUILT_PRODUCTS_DIR; };
		CBDF0535D7EA85841CD8B169 /* libPods-Test.GuiaBolsoUITests.a */ = {isa = PBXFileReference; explicitFileType = archive.ar; includeInIndex = 0; path = "libPods-Test.GuiaBolsoUITests.a"; sourceTree = BUILT_PRODUCTS_DIR; };
		F4B5FF139C7A32C7EC959978 /* Pods-Test.GuiaBolsoTests.release.xcconfig */ = {isa = PBXFileReference; includeInIndex = 1; lastKnownFileType = text.xcconfig; name = "Pods-Test.GuiaBolsoTests.release.xcconfig"; path = "Target Support Files/Pods-Test.GuiaBolsoTests/Pods-Test.GuiaBolsoTests.release.xcconfig"; sourceTree = "<group>"; };
		F4C0DFA07BA2FC9742622570 /* Pods-Test.GuiaBolsoTests.debug.xcconfig */ = {isa = PBXFileReference; includeInIndex = 1; lastKnownFileType = text.xcconfig; name = "Pods-Test.GuiaBolsoTests.debug.xcconfig"; path = "Target Support Files/Pods-Test.GuiaBolsoTests/Pods-Test.GuiaBolsoTests.debug.xcconfig"; sourceTree = "<group>"; };
		FDC3167F22C8296200CBEA84 /* GeneratedMocks.swift */ = {isa = PBXFileReference; fileEncoding = 4; lastKnownFileType = sourcecode.swift; path = GeneratedMocks.swift; sourceTree = "<group>"; };
		FDC3168322C83FC500CBEA84 /* CategoriesInteractorTests.swift */ = {isa = PBXFileReference; lastKnownFileType = sourcecode.swift; path = CategoriesInteractorTests.swift; sourceTree = "<group>"; };
		FDC3168622C8506400CBEA84 /* JokeInteractorTests.swift */ = {isa = PBXFileReference; lastKnownFileType = sourcecode.swift; path = JokeInteractorTests.swift; sourceTree = "<group>"; };
		FDD7BDEE22C5A86600B991F5 /* Test.GuiaBolso.app */ = {isa = PBXFileReference; explicitFileType = wrapper.application; includeInIndex = 0; path = Test.GuiaBolso.app; sourceTree = BUILT_PRODUCTS_DIR; };
		FDD7BDF122C5A86600B991F5 /* AppDelegate.swift */ = {isa = PBXFileReference; lastKnownFileType = sourcecode.swift; path = AppDelegate.swift; sourceTree = "<group>"; };
		FDD7BDF822C5A86700B991F5 /* Assets.xcassets */ = {isa = PBXFileReference; lastKnownFileType = folder.assetcatalog; path = Assets.xcassets; sourceTree = "<group>"; };
		FDD7BDFB22C5A86700B991F5 /* Base */ = {isa = PBXFileReference; lastKnownFileType = file.storyboard; name = Base; path = Base.lproj/LaunchScreen.storyboard; sourceTree = "<group>"; };
		FDD7BDFD22C5A86700B991F5 /* Info.plist */ = {isa = PBXFileReference; lastKnownFileType = text.plist.xml; path = Info.plist; sourceTree = "<group>"; };
		FDD7BE0222C5A86700B991F5 /* Test.GuiaBolsoTests.xctest */ = {isa = PBXFileReference; explicitFileType = wrapper.cfbundle; includeInIndex = 0; path = Test.GuiaBolsoTests.xctest; sourceTree = BUILT_PRODUCTS_DIR; };
		FDD7BE0822C5A86700B991F5 /* Info.plist */ = {isa = PBXFileReference; lastKnownFileType = text.plist.xml; path = Info.plist; sourceTree = "<group>"; };
		FDD7BE0D22C5A86700B991F5 /* Test.GuiaBolsoUITests.xctest */ = {isa = PBXFileReference; explicitFileType = wrapper.cfbundle; includeInIndex = 0; path = Test.GuiaBolsoUITests.xctest; sourceTree = BUILT_PRODUCTS_DIR; };
		FDD7BE1122C5A86700B991F5 /* Test_GuiaBolsoUITests.swift */ = {isa = PBXFileReference; lastKnownFileType = sourcecode.swift; path = Test_GuiaBolsoUITests.swift; sourceTree = "<group>"; };
		FDD7BE1322C5A86700B991F5 /* Info.plist */ = {isa = PBXFileReference; lastKnownFileType = text.plist.xml; path = Info.plist; sourceTree = "<group>"; };
		FDE4863E22C5AD9F003C0E83 /* CategoriesPresenter.swift */ = {isa = PBXFileReference; lastKnownFileType = sourcecode.swift; path = CategoriesPresenter.swift; sourceTree = "<group>"; };
		FDE4863F22C5AD9F003C0E83 /* CategoriesWorker.swift */ = {isa = PBXFileReference; lastKnownFileType = sourcecode.swift; path = CategoriesWorker.swift; sourceTree = "<group>"; };
		FDE4864022C5AD9F003C0E83 /* CategoriesRouter.swift */ = {isa = PBXFileReference; lastKnownFileType = sourcecode.swift; path = CategoriesRouter.swift; sourceTree = "<group>"; };
		FDE4864122C5AD9F003C0E83 /* CategoriesModels.swift */ = {isa = PBXFileReference; lastKnownFileType = sourcecode.swift; path = CategoriesModels.swift; sourceTree = "<group>"; };
		FDE4864222C5AD9F003C0E83 /* CategoriesViewController.swift */ = {isa = PBXFileReference; lastKnownFileType = sourcecode.swift; path = CategoriesViewController.swift; sourceTree = "<group>"; };
		FDE4864322C5AD9F003C0E83 /* CategoriesInteractor.swift */ = {isa = PBXFileReference; lastKnownFileType = sourcecode.swift; path = CategoriesInteractor.swift; sourceTree = "<group>"; };
		FDE4864B22C5ADC4003C0E83 /* Categories.storyboard */ = {isa = PBXFileReference; lastKnownFileType = file.storyboard; path = Categories.storyboard; sourceTree = "<group>"; };
		FDE4865122C5AF51003C0E83 /* R.generated.swift */ = {isa = PBXFileReference; fileEncoding = 4; lastKnownFileType = sourcecode.swift; path = R.generated.swift; sourceTree = SOURCE_ROOT; };
		FDE4865422C5AFEB003C0E83 /* Endpoint.swift */ = {isa = PBXFileReference; lastKnownFileType = sourcecode.swift; path = Endpoint.swift; sourceTree = "<group>"; };
		FDE4865622C5B03F003C0E83 /* Networking.strings */ = {isa = PBXFileReference; lastKnownFileType = text.plist.strings; path = Networking.strings; sourceTree = "<group>"; };
		FDE4865822C5B08C003C0E83 /* NetworkProvider.swift */ = {isa = PBXFileReference; lastKnownFileType = sourcecode.swift; path = NetworkProvider.swift; sourceTree = "<group>"; };
		FDE4865B22C5B22F003C0E83 /* Endpoint+Categories.swift */ = {isa = PBXFileReference; lastKnownFileType = sourcecode.swift; path = "Endpoint+Categories.swift"; sourceTree = "<group>"; };
		FDE4865D22C5B50C003C0E83 /* CategoriesViewController+DisplayLogic.swift */ = {isa = PBXFileReference; lastKnownFileType = sourcecode.swift; path = "CategoriesViewController+DisplayLogic.swift"; sourceTree = "<group>"; };
		FDE4866022C5B606003C0E83 /* Categories.strings */ = {isa = PBXFileReference; lastKnownFileType = text.plist.strings; path = Categories.strings; sourceTree = "<group>"; };
		FDE4866322C5B83D003C0E83 /* CategoryTableViewCell.swift */ = {isa = PBXFileReference; lastKnownFileType = sourcecode.swift; path = CategoryTableViewCell.swift; sourceTree = "<group>"; };
		FDE4866422C5B83D003C0E83 /* CategoryTableViewCell.xib */ = {isa = PBXFileReference; lastKnownFileType = file.xib; path = CategoryTableViewCell.xib; sourceTree = "<group>"; };
		FDE4866722C5BC59003C0E83 /* Colors.swift */ = {isa = PBXFileReference; lastKnownFileType = sourcecode.swift; path = Colors.swift; sourceTree = "<group>"; };
		FDE4866A22C5C3EB003C0E83 /* JokePresenter.swift */ = {isa = PBXFileReference; lastKnownFileType = sourcecode.swift; path = JokePresenter.swift; sourceTree = "<group>"; };
		FDE4866B22C5C3EB003C0E83 /* JokeWorker.swift */ = {isa = PBXFileReference; lastKnownFileType = sourcecode.swift; path = JokeWorker.swift; sourceTree = "<group>"; };
		FDE4866C22C5C3EB003C0E83 /* JokeRouter.swift */ = {isa = PBXFileReference; lastKnownFileType = sourcecode.swift; path = JokeRouter.swift; sourceTree = "<group>"; };
		FDE4866D22C5C3EB003C0E83 /* JokeModels.swift */ = {isa = PBXFileReference; lastKnownFileType = sourcecode.swift; path = JokeModels.swift; sourceTree = "<group>"; };
		FDE4866E22C5C3EB003C0E83 /* JokeViewController.swift */ = {isa = PBXFileReference; lastKnownFileType = sourcecode.swift; path = JokeViewController.swift; sourceTree = "<group>"; };
		FDE4866F22C5C3EB003C0E83 /* JokeInteractor.swift */ = {isa = PBXFileReference; lastKnownFileType = sourcecode.swift; path = JokeInteractor.swift; sourceTree = "<group>"; };
		FDE4867722C5C48B003C0E83 /* JokeViewController.xib */ = {isa = PBXFileReference; lastKnownFileType = file.xib; path = JokeViewController.xib; sourceTree = "<group>"; };
		FDE4867922C5C779003C0E83 /* JokeViewController+DisplayLogic.swift */ = {isa = PBXFileReference; lastKnownFileType = sourcecode.swift; path = "JokeViewController+DisplayLogic.swift"; sourceTree = "<group>"; };
		FDE4867B22C5C835003C0E83 /* Endpoint+Jokes.swift */ = {isa = PBXFileReference; lastKnownFileType = sourcecode.swift; path = "Endpoint+Jokes.swift"; sourceTree = "<group>"; };
		FDE4867E22C5CE95003C0E83 /* Joke.strings */ = {isa = PBXFileReference; lastKnownFileType = text.plist.strings; path = Joke.strings; sourceTree = "<group>"; };
		FDE4868022C5D273003C0E83 /* VisitPageButton.swift */ = {isa = PBXFileReference; lastKnownFileType = sourcecode.swift; path = VisitPageButton.swift; sourceTree = "<group>"; };
/* End PBXFileReference section */

/* Begin PBXFrameworksBuildPhase section */
		FDD7BDEB22C5A86600B991F5 /* Frameworks */ = {
			isa = PBXFrameworksBuildPhase;
			buildActionMask = 2147483647;
			files = (
				02174519F435E56D38B5B7FD /* Pods_Test_GuiaBolso.framework in Frameworks */,
			);
			runOnlyForDeploymentPostprocessing = 0;
		};
		FDD7BDFF22C5A86700B991F5 /* Frameworks */ = {
			isa = PBXFrameworksBuildPhase;
			buildActionMask = 2147483647;
			files = (
				56305E44F2AD6FA6A63623D6 /* Pods_Test_GuiaBolsoTests.framework in Frameworks */,
			);
			runOnlyForDeploymentPostprocessing = 0;
		};
		FDD7BE0A22C5A86700B991F5 /* Frameworks */ = {
			isa = PBXFrameworksBuildPhase;
			buildActionMask = 2147483647;
			files = (
				248AFF72B5893B5193FECC28 /* libPods-Test.GuiaBolsoUITests.a in Frameworks */,
			);
			runOnlyForDeploymentPostprocessing = 0;
		};
/* End PBXFrameworksBuildPhase section */

/* Begin PBXGroup section */
		1AA9F9BA2D32FC78B0476554 /* Frameworks */ = {
			isa = PBXGroup;
			children = (
				1D286B738790CD5E6903CA20 /* Pods_Test_GuiaBolso.framework */,
				74E0904816E3134680E0985F /* Pods_Test_GuiaBolsoTests.framework */,
				CBDF0535D7EA85841CD8B169 /* libPods-Test.GuiaBolsoUITests.a */,
			);
			name = Frameworks;
			sourceTree = "<group>";
		};
		427564E40381A8AB87D63EC1 /* Pods */ = {
			isa = PBXGroup;
			children = (
				195534FB09E1AE998720967F /* Pods-Test.GuiaBolso.debug.xcconfig */,
				06182766EEABCE17A2745DCB /* Pods-Test.GuiaBolso.release.xcconfig */,
				F4C0DFA07BA2FC9742622570 /* Pods-Test.GuiaBolsoTests.debug.xcconfig */,
				F4B5FF139C7A32C7EC959978 /* Pods-Test.GuiaBolsoTests.release.xcconfig */,
				7014BD92686D4594E2075A27 /* Pods-Test.GuiaBolsoUITests.debug.xcconfig */,
				4B4797643125EFADBFFB71ED /* Pods-Test.GuiaBolsoUITests.release.xcconfig */,
			);
			path = Pods;
			sourceTree = "<group>";
		};
		FDC3168122C83FAC00CBEA84 /* Scenes */ = {
			isa = PBXGroup;
			children = (
				FDC3168222C83FB200CBEA84 /* Categories */,
				FDC3168522C8504E00CBEA84 /* Joke */,
			);
			path = Scenes;
			sourceTree = "<group>";
		};
		FDC3168222C83FB200CBEA84 /* Categories */ = {
			isa = PBXGroup;
			children = (
				FDC3168322C83FC500CBEA84 /* CategoriesInteractorTests.swift */,
			);
			path = Categories;
			sourceTree = "<group>";
		};
		FDC3168522C8504E00CBEA84 /* Joke */ = {
			isa = PBXGroup;
			children = (
				FDC3168622C8506400CBEA84 /* JokeInteractorTests.swift */,
			);
			path = Joke;
			sourceTree = "<group>";
		};
		FDD7BDE522C5A86600B991F5 = {
			isa = PBXGroup;
			children = (
				FDD7BDF022C5A86600B991F5 /* Test.GuiaBolso */,
				FDD7BE0522C5A86700B991F5 /* Test.GuiaBolsoTests */,
				FDD7BE1022C5A86700B991F5 /* Test.GuiaBolsoUITests */,
				FDD7BDEF22C5A86600B991F5 /* Products */,
				427564E40381A8AB87D63EC1 /* Pods */,
				1AA9F9BA2D32FC78B0476554 /* Frameworks */,
			);
			sourceTree = "<group>";
		};
		FDD7BDEF22C5A86600B991F5 /* Products */ = {
			isa = PBXGroup;
			children = (
				FDD7BDEE22C5A86600B991F5 /* Test.GuiaBolso.app */,
				FDD7BE0222C5A86700B991F5 /* Test.GuiaBolsoTests.xctest */,
				FDD7BE0D22C5A86700B991F5 /* Test.GuiaBolsoUITests.xctest */,
			);
			name = Products;
			sourceTree = "<group>";
		};
		FDD7BDF022C5A86600B991F5 /* Test.GuiaBolso */ = {
			isa = PBXGroup;
			children = (
				FDE4863C22C5ACBD003C0E83 /* Scenes */,
				FDE4865322C5AFDE003C0E83 /* Networking */,
				FDE4863A22C5AC98003C0E83 /* Supporting Files */,
				FDE4863B22C5ACA2003C0E83 /* Resources */,
			);
			path = Test.GuiaBolso;
			sourceTree = "<group>";
		};
		FDD7BE0522C5A86700B991F5 /* Test.GuiaBolsoTests */ = {
			isa = PBXGroup;
			children = (
				FDC3168122C83FAC00CBEA84 /* Scenes */,
				FDC3167F22C8296200CBEA84 /* GeneratedMocks.swift */,
				FDD7BE0822C5A86700B991F5 /* Info.plist */,
			);
			path = Test.GuiaBolsoTests;
			sourceTree = "<group>";
		};
		FDD7BE1022C5A86700B991F5 /* Test.GuiaBolsoUITests */ = {
			isa = PBXGroup;
			children = (
				FDD7BE1122C5A86700B991F5 /* Test_GuiaBolsoUITests.swift */,
				FDD7BE1322C5A86700B991F5 /* Info.plist */,
			);
			path = Test.GuiaBolsoUITests;
			sourceTree = "<group>";
		};
		FDE4863A22C5AC98003C0E83 /* Supporting Files */ = {
			isa = PBXGroup;
			children = (
				FDD7BDFD22C5A86700B991F5 /* Info.plist */,
				FDD7BDF122C5A86600B991F5 /* AppDelegate.swift */,
			);
			path = "Supporting Files";
			sourceTree = "<group>";
		};
		FDE4863B22C5ACA2003C0E83 /* Resources */ = {
			isa = PBXGroup;
			children = (
				FDD7BDF822C5A86700B991F5 /* Assets.xcassets */,
				FDD7BDFA22C5A86700B991F5 /* LaunchScreen.storyboard */,
				FDE4865122C5AF51003C0E83 /* R.generated.swift */,
				FDE4866722C5BC59003C0E83 /* Colors.swift */,
			);
			path = Resources;
			sourceTree = "<group>";
		};
		FDE4863C22C5ACBD003C0E83 /* Scenes */ = {
			isa = PBXGroup;
			children = (
				FDE4863D22C5AD20003C0E83 /* Categories */,
				FDE4866922C5C3D4003C0E83 /* Joke */,
			);
			path = Scenes;
			sourceTree = "<group>";
		};
		FDE4863D22C5AD20003C0E83 /* Categories */ = {
			isa = PBXGroup;
			children = (
				FDE4865F22C5B5FB003C0E83 /* Utils */,
				FDE4864A22C5ADB6003C0E83 /* Views */,
				FDE4866222C5B828003C0E83 /* Cells */,
				FDE4864222C5AD9F003C0E83 /* CategoriesViewController.swift */,
				FDE4865D22C5B50C003C0E83 /* CategoriesViewController+DisplayLogic.swift */,
				FDE4864322C5AD9F003C0E83 /* CategoriesInteractor.swift */,
				FDE4863E22C5AD9F003C0E83 /* CategoriesPresenter.swift */,
				FDE4863F22C5AD9F003C0E83 /* CategoriesWorker.swift */,
				FDE4864022C5AD9F003C0E83 /* CategoriesRouter.swift */,
				FDE4864122C5AD9F003C0E83 /* CategoriesModels.swift */,
			);
			path = Categories;
			sourceTree = "<group>";
		};
		FDE4864A22C5ADB6003C0E83 /* Views */ = {
			isa = PBXGroup;
			children = (
				FDE4864B22C5ADC4003C0E83 /* Categories.storyboard */,
			);
			path = Views;
			sourceTree = "<group>";
		};
		FDE4865322C5AFDE003C0E83 /* Networking */ = {
			isa = PBXGroup;
			children = (
				FDE4865622C5B03F003C0E83 /* Networking.strings */,
				FDE4865422C5AFEB003C0E83 /* Endpoint.swift */,
				FDE4865822C5B08C003C0E83 /* NetworkProvider.swift */,
				FDE4865A22C5B224003C0E83 /* Endpoint Providers */,
			);
			path = Networking;
			sourceTree = "<group>";
		};
		FDE4865A22C5B224003C0E83 /* Endpoint Providers */ = {
			isa = PBXGroup;
			children = (
				FDE4865B22C5B22F003C0E83 /* Endpoint+Categories.swift */,
				FDE4867B22C5C835003C0E83 /* Endpoint+Jokes.swift */,
			);
			path = "Endpoint Providers";
			sourceTree = "<group>";
		};
		FDE4865F22C5B5FB003C0E83 /* Utils */ = {
			isa = PBXGroup;
			children = (
				FDE4866022C5B606003C0E83 /* Categories.strings */,
			);
			path = Utils;
			sourceTree = "<group>";
		};
		FDE4866222C5B828003C0E83 /* Cells */ = {
			isa = PBXGroup;
			children = (
				FDE4866322C5B83D003C0E83 /* CategoryTableViewCell.swift */,
				FDE4866422C5B83D003C0E83 /* CategoryTableViewCell.xib */,
			);
			path = Cells;
			sourceTree = "<group>";
		};
		FDE4866922C5C3D4003C0E83 /* Joke */ = {
			isa = PBXGroup;
			children = (
				FDE4867D22C5CE85003C0E83 /* Utils */,
				FDE4867622C5C482003C0E83 /* Views */,
				FDE4866E22C5C3EB003C0E83 /* JokeViewController.swift */,
				FDE4867922C5C779003C0E83 /* JokeViewController+DisplayLogic.swift */,
				FDE4866F22C5C3EB003C0E83 /* JokeInteractor.swift */,
				FDE4866A22C5C3EB003C0E83 /* JokePresenter.swift */,
				FDE4866B22C5C3EB003C0E83 /* JokeWorker.swift */,
				FDE4866C22C5C3EB003C0E83 /* JokeRouter.swift */,
				FDE4866D22C5C3EB003C0E83 /* JokeModels.swift */,
			);
			path = Joke;
			sourceTree = "<group>";
		};
		FDE4867622C5C482003C0E83 /* Views */ = {
			isa = PBXGroup;
			children = (
				FDE4867722C5C48B003C0E83 /* JokeViewController.xib */,
				FDE4868022C5D273003C0E83 /* VisitPageButton.swift */,
			);
			path = Views;
			sourceTree = "<group>";
		};
		FDE4867D22C5CE85003C0E83 /* Utils */ = {
			isa = PBXGroup;
			children = (
				FDE4867E22C5CE95003C0E83 /* Joke.strings */,
			);
			path = Utils;
			sourceTree = "<group>";
		};
/* End PBXGroup section */

/* Begin PBXNativeTarget section */
		FDD7BDED22C5A86600B991F5 /* Test.GuiaBolso */ = {
			isa = PBXNativeTarget;
			buildConfigurationList = FDD7BE1622C5A86700B991F5 /* Build configuration list for PBXNativeTarget "Test.GuiaBolso" */;
			buildPhases = (
				2DBCA56E6F38DB019C239DCA /* [CP] Check Pods Manifest.lock */,
				FDE4865022C5AEBA003C0E83 /* R.swift */,
				FDC3167E22C828A700CBEA84 /* Cuckoo */,
				FDD7BDEA22C5A86600B991F5 /* Sources */,
				FDD7BDEB22C5A86600B991F5 /* Frameworks */,
				FDD7BDEC22C5A86600B991F5 /* Resources */,
				190ED4CD2775ABCCA92B74A6 /* [CP] Embed Pods Frameworks */,
			);
			buildRules = (
			);
			dependencies = (
			);
			name = Test.GuiaBolso;
			productName = Test.GuiaBolso;
			productReference = FDD7BDEE22C5A86600B991F5 /* Test.GuiaBolso.app */;
			productType = "com.apple.product-type.application";
		};
		FDD7BE0122C5A86700B991F5 /* Test.GuiaBolsoTests */ = {
			isa = PBXNativeTarget;
			buildConfigurationList = FDD7BE1922C5A86700B991F5 /* Build configuration list for PBXNativeTarget "Test.GuiaBolsoTests" */;
			buildPhases = (
				02224928D0DCFE9099F555B5 /* [CP] Check Pods Manifest.lock */,
				FDD7BDFE22C5A86700B991F5 /* Sources */,
				FDD7BDFF22C5A86700B991F5 /* Frameworks */,
				FDD7BE0022C5A86700B991F5 /* Resources */,
				C211147291E1360481C7DD44 /* [CP] Embed Pods Frameworks */,
			);
			buildRules = (
			);
			dependencies = (
				FDD7BE0422C5A86700B991F5 /* PBXTargetDependency */,
			);
			name = Test.GuiaBolsoTests;
			productName = Test.GuiaBolsoTests;
			productReference = FDD7BE0222C5A86700B991F5 /* Test.GuiaBolsoTests.xctest */;
			productType = "com.apple.product-type.bundle.unit-test";
		};
		FDD7BE0C22C5A86700B991F5 /* Test.GuiaBolsoUITests */ = {
			isa = PBXNativeTarget;
			buildConfigurationList = FDD7BE1C22C5A86700B991F5 /* Build configuration list for PBXNativeTarget "Test.GuiaBolsoUITests" */;
			buildPhases = (
				E575B3AC7EEFB51D3F769D03 /* [CP] Check Pods Manifest.lock */,
				FDD7BE0922C5A86700B991F5 /* Sources */,
				FDD7BE0A22C5A86700B991F5 /* Frameworks */,
				FDD7BE0B22C5A86700B991F5 /* Resources */,
			);
			buildRules = (
			);
			dependencies = (
				FDD7BE0F22C5A86700B991F5 /* PBXTargetDependency */,
			);
			name = Test.GuiaBolsoUITests;
			productName = Test.GuiaBolsoUITests;
			productReference = FDD7BE0D22C5A86700B991F5 /* Test.GuiaBolsoUITests.xctest */;
			productType = "com.apple.product-type.bundle.ui-testing";
		};
/* End PBXNativeTarget section */

/* Begin PBXProject section */
		FDD7BDE622C5A86600B991F5 /* Project object */ = {
			isa = PBXProject;
			attributes = {
				LastSwiftUpdateCheck = 1020;
				LastUpgradeCheck = 1020;
				ORGANIZATIONNAME = "Leandro Romano";
				TargetAttributes = {
					FDD7BDED22C5A86600B991F5 = {
						CreatedOnToolsVersion = 10.2.1;
					};
					FDD7BE0122C5A86700B991F5 = {
						CreatedOnToolsVersion = 10.2.1;
						TestTargetID = FDD7BDED22C5A86600B991F5;
					};
					FDD7BE0C22C5A86700B991F5 = {
						CreatedOnToolsVersion = 10.2.1;
						TestTargetID = FDD7BDED22C5A86600B991F5;
					};
				};
			};
			buildConfigurationList = FDD7BDE922C5A86600B991F5 /* Build configuration list for PBXProject "Test.GuiaBolso" */;
			compatibilityVersion = "Xcode 9.3";
			developmentRegion = en;
			hasScannedForEncodings = 0;
			knownRegions = (
				en,
				Base,
			);
			mainGroup = FDD7BDE522C5A86600B991F5;
			productRefGroup = FDD7BDEF22C5A86600B991F5 /* Products */;
			projectDirPath = "";
			projectRoot = "";
			targets = (
				FDD7BDED22C5A86600B991F5 /* Test.GuiaBolso */,
				FDD7BE0122C5A86700B991F5 /* Test.GuiaBolsoTests */,
				FDD7BE0C22C5A86700B991F5 /* Test.GuiaBolsoUITests */,
			);
		};
/* End PBXProject section */

/* Begin PBXResourcesBuildPhase section */
		FDD7BDEC22C5A86600B991F5 /* Resources */ = {
			isa = PBXResourcesBuildPhase;
			buildActionMask = 2147483647;
			files = (
				FDD7BDFC22C5A86700B991F5 /* LaunchScreen.storyboard in Resources */,
				FDE4866122C5B606003C0E83 /* Categories.strings in Resources */,
				FDE4867822C5C48B003C0E83 /* JokeViewController.xib in Resources */,
				FDE4864C22C5ADC4003C0E83 /* Categories.storyboard in Resources */,
				FDE4866622C5B83D003C0E83 /* CategoryTableViewCell.xib in Resources */,
				FDE4867F22C5CE95003C0E83 /* Joke.strings in Resources */,
				FDE4865722C5B03F003C0E83 /* Networking.strings in Resources */,
				FDD7BDF922C5A86700B991F5 /* Assets.xcassets in Resources */,
			);
			runOnlyForDeploymentPostprocessing = 0;
		};
		FDD7BE0022C5A86700B991F5 /* Resources */ = {
			isa = PBXResourcesBuildPhase;
			buildActionMask = 2147483647;
			files = (
			);
			runOnlyForDeploymentPostprocessing = 0;
		};
		FDD7BE0B22C5A86700B991F5 /* Resources */ = {
			isa = PBXResourcesBuildPhase;
			buildActionMask = 2147483647;
			files = (
			);
			runOnlyForDeploymentPostprocessing = 0;
		};
/* End PBXResourcesBuildPhase section */

/* Begin PBXShellScriptBuildPhase section */
		02224928D0DCFE9099F555B5 /* [CP] Check Pods Manifest.lock */ = {
			isa = PBXShellScriptBuildPhase;
			buildActionMask = 2147483647;
			files = (
			);
			inputFileListPaths = (
			);
			inputPaths = (
				"${PODS_PODFILE_DIR_PATH}/Podfile.lock",
				"${PODS_ROOT}/Manifest.lock",
			);
			name = "[CP] Check Pods Manifest.lock";
			outputFileListPaths = (
			);
			outputPaths = (
				"$(DERIVED_FILE_DIR)/Pods-Test.GuiaBolsoTests-checkManifestLockResult.txt",
			);
			runOnlyForDeploymentPostprocessing = 0;
			shellPath = /bin/sh;
			shellScript = "diff \"${PODS_PODFILE_DIR_PATH}/Podfile.lock\" \"${PODS_ROOT}/Manifest.lock\" > /dev/null\nif [ $? != 0 ] ; then\n    # print error to STDERR\n    echo \"error: The sandbox is not in sync with the Podfile.lock. Run 'pod install' or update your CocoaPods installation.\" >&2\n    exit 1\nfi\n# This output is used by Xcode 'outputs' to avoid re-running this script phase.\necho \"SUCCESS\" > \"${SCRIPT_OUTPUT_FILE_0}\"\n";
			showEnvVarsInLog = 0;
		};
		190ED4CD2775ABCCA92B74A6 /* [CP] Embed Pods Frameworks */ = {
			isa = PBXShellScriptBuildPhase;
			buildActionMask = 2147483647;
			files = (
			);
			inputFileListPaths = (
			);
			inputPaths = (
				"${PODS_ROOT}/Target Support Files/Pods-Test.GuiaBolso/Pods-Test.GuiaBolso-frameworks.sh",
				"${BUILT_PRODUCTS_DIR}/PromiseKit/PromiseKit.framework",
				"${BUILT_PRODUCTS_DIR}/R.swift.Library/Rswift.framework",
				"${BUILT_PRODUCTS_DIR}/SDWebImage/SDWebImage.framework",
			);
			name = "[CP] Embed Pods Frameworks";
			outputFileListPaths = (
			);
			outputPaths = (
				"${TARGET_BUILD_DIR}/${FRAMEWORKS_FOLDER_PATH}/PromiseKit.framework",
				"${TARGET_BUILD_DIR}/${FRAMEWORKS_FOLDER_PATH}/Rswift.framework",
				"${TARGET_BUILD_DIR}/${FRAMEWORKS_FOLDER_PATH}/SDWebImage.framework",
			);
			runOnlyForDeploymentPostprocessing = 0;
			shellPath = /bin/sh;
			shellScript = "\"${PODS_ROOT}/Target Support Files/Pods-Test.GuiaBolso/Pods-Test.GuiaBolso-frameworks.sh\"\n";
			showEnvVarsInLog = 0;
		};
		2DBCA56E6F38DB019C239DCA /* [CP] Check Pods Manifest.lock */ = {
			isa = PBXShellScriptBuildPhase;
			buildActionMask = 2147483647;
			files = (
			);
			inputFileListPaths = (
			);
			inputPaths = (
				"${PODS_PODFILE_DIR_PATH}/Podfile.lock",
				"${PODS_ROOT}/Manifest.lock",
			);
			name = "[CP] Check Pods Manifest.lock";
			outputFileListPaths = (
			);
			outputPaths = (
				"$(DERIVED_FILE_DIR)/Pods-Test.GuiaBolso-checkManifestLockResult.txt",
			);
			runOnlyForDeploymentPostprocessing = 0;
			shellPath = /bin/sh;
			shellScript = "diff \"${PODS_PODFILE_DIR_PATH}/Podfile.lock\" \"${PODS_ROOT}/Manifest.lock\" > /dev/null\nif [ $? != 0 ] ; then\n    # print error to STDERR\n    echo \"error: The sandbox is not in sync with the Podfile.lock. Run 'pod install' or update your CocoaPods installation.\" >&2\n    exit 1\nfi\n# This output is used by Xcode 'outputs' to avoid re-running this script phase.\necho \"SUCCESS\" > \"${SCRIPT_OUTPUT_FILE_0}\"\n";
			showEnvVarsInLog = 0;
		};
		C211147291E1360481C7DD44 /* [CP] Embed Pods Frameworks */ = {
			isa = PBXShellScriptBuildPhase;
			buildActionMask = 2147483647;
			files = (
			);
			inputFileListPaths = (
			);
			inputPaths = (
				"${PODS_ROOT}/Target Support Files/Pods-Test.GuiaBolsoTests/Pods-Test.GuiaBolsoTests-frameworks.sh",
				"${BUILT_PRODUCTS_DIR}/Cuckoo/Cuckoo.framework",
				"${BUILT_PRODUCTS_DIR}/Nimble/Nimble.framework",
			);
			name = "[CP] Embed Pods Frameworks";
			outputFileListPaths = (
			);
			outputPaths = (
				"${TARGET_BUILD_DIR}/${FRAMEWORKS_FOLDER_PATH}/Cuckoo.framework",
				"${TARGET_BUILD_DIR}/${FRAMEWORKS_FOLDER_PATH}/Nimble.framework",
			);
			runOnlyForDeploymentPostprocessing = 0;
			shellPath = /bin/sh;
			shellScript = "\"${PODS_ROOT}/Target Support Files/Pods-Test.GuiaBolsoTests/Pods-Test.GuiaBolsoTests-frameworks.sh\"\n";
			showEnvVarsInLog = 0;
		};
		E575B3AC7EEFB51D3F769D03 /* [CP] Check Pods Manifest.lock */ = {
			isa = PBXShellScriptBuildPhase;
			buildActionMask = 2147483647;
			files = (
			);
			inputFileListPaths = (
			);
			inputPaths = (
				"${PODS_PODFILE_DIR_PATH}/Podfile.lock",
				"${PODS_ROOT}/Manifest.lock",
			);
			name = "[CP] Check Pods Manifest.lock";
			outputFileListPaths = (
			);
			outputPaths = (
				"$(DERIVED_FILE_DIR)/Pods-Test.GuiaBolsoUITests-checkManifestLockResult.txt",
			);
			runOnlyForDeploymentPostprocessing = 0;
			shellPath = /bin/sh;
			shellScript = "diff \"${PODS_PODFILE_DIR_PATH}/Podfile.lock\" \"${PODS_ROOT}/Manifest.lock\" > /dev/null\nif [ $? != 0 ] ; then\n    # print error to STDERR\n    echo \"error: The sandbox is not in sync with the Podfile.lock. Run 'pod install' or update your CocoaPods installation.\" >&2\n    exit 1\nfi\n# This output is used by Xcode 'outputs' to avoid re-running this script phase.\necho \"SUCCESS\" > \"${SCRIPT_OUTPUT_FILE_0}\"\n";
			showEnvVarsInLog = 0;
		};
		FDC3167E22C828A700CBEA84 /* Cuckoo */ = {
			isa = PBXShellScriptBuildPhase;
			buildActionMask = 2147483647;
			files = (
			);
			inputFileListPaths = (
			);
			inputPaths = (
			);
			name = Cuckoo;
			outputFileListPaths = (
			);
			outputPaths = (
			);
			runOnlyForDeploymentPostprocessing = 0;
			shellPath = /bin/sh;
			shellScript = "OUTPUT_FILE=\"${PROJECT_DIR}/${PROJECT_NAME}Tests/GeneratedMocks.swift\"\nINPUT_DIR=\"${PROJECT_DIR}/${PROJECT_NAME}\"\n\n\"${PODS_ROOT}/Cuckoo/run\" generate --testable \"${PROJECT_NAME}\" \\\n--output \"${OUTPUT_FILE}\" \\\n\"${INPUT_DIR}/Scenes/Categories/CategoriesPresenter.swift\" \\\n\"${INPUT_DIR}/Scenes/Categories/CategoriesWorker.swift\" \\\n\"${INPUT_DIR}/Scenes/Joke/JokePresenter.swift\" \\\n\"${INPUT_DIR}/Scenes/Joke/JokeWorker.swift\"\n";
		};
		FDE4865022C5AEBA003C0E83 /* R.swift */ = {
			isa = PBXShellScriptBuildPhase;
			buildActionMask = 2147483647;
			files = (
			);
			inputFileListPaths = (
			);
			inputPaths = (
				"$TEMP_DIR/rswift-lastrun",
			);
			name = R.swift;
			outputFileListPaths = (
			);
			outputPaths = (
				"$SRCROOT/R.generated.swift",
			);
			runOnlyForDeploymentPostprocessing = 0;
			shellPath = /bin/sh;
			shellScript = "\"$PODS_ROOT/R.swift/rswift\" generate \"$SRCROOT/R.generated.swift\"\n";
		};
/* End PBXShellScriptBuildPhase section */

/* Begin PBXSourcesBuildPhase section */
		FDD7BDEA22C5A86600B991F5 /* Sources */ = {
			isa = PBXSourcesBuildPhase;
			buildActionMask = 2147483647;
			files = (
				FDE4867022C5C3EB003C0E83 /* JokePresenter.swift in Sources */,
				FDE4865C22C5B22F003C0E83 /* Endpoint+Categories.swift in Sources */,
				FDE4864722C5AD9F003C0E83 /* CategoriesModels.swift in Sources */,
				FDE4865E22C5B50C003C0E83 /* CategoriesViewController+DisplayLogic.swift in Sources */,
				FDE4866822C5BC59003C0E83 /* Colors.swift in Sources */,
				FDE4865522C5AFEB003C0E83 /* Endpoint.swift in Sources */,
				FDE4867422C5C3EB003C0E83 /* JokeViewController.swift in Sources */,
				FDE4867C22C5C835003C0E83 /* Endpoint+Jokes.swift in Sources */,
				FDE4868122C5D273003C0E83 /* VisitPageButton.swift in Sources */,
				FDE4867522C5C3EB003C0E83 /* JokeInteractor.swift in Sources */,
				FDE4867222C5C3EB003C0E83 /* JokeRouter.swift in Sources */,
				FDE4864622C5AD9F003C0E83 /* CategoriesRouter.swift in Sources */,
				FDE4864822C5AD9F003C0E83 /* CategoriesViewController.swift in Sources */,
				FDE4865222C5AF51003C0E83 /* R.generated.swift in Sources */,
				FDE4867A22C5C779003C0E83 /* JokeViewController+DisplayLogic.swift in Sources */,
				FDE4864422C5AD9F003C0E83 /* CategoriesPresenter.swift in Sources */,
				FDE4864922C5AD9F003C0E83 /* CategoriesInteractor.swift in Sources */,
				FDD7BDF222C5A86600B991F5 /* AppDelegate.swift in Sources */,
				FDE4864522C5AD9F003C0E83 /* CategoriesWorker.swift in Sources */,
				FDE4867322C5C3EB003C0E83 /* JokeModels.swift in Sources */,
				FDE4866522C5B83D003C0E83 /* CategoryTableViewCell.swift in Sources */,
				FDE4867122C5C3EB003C0E83 /* JokeWorker.swift in Sources */,
				FDE4865922C5B08C003C0E83 /* NetworkProvider.swift in Sources */,
			);
			runOnlyForDeploymentPostprocessing = 0;
		};
		FDD7BDFE22C5A86700B991F5 /* Sources */ = {
			isa = PBXSourcesBuildPhase;
			buildActionMask = 2147483647;
			files = (
				FDC3168722C8506400CBEA84 /* JokeInteractorTests.swift in Sources */,
				FDC3168422C83FC500CBEA84 /* CategoriesInteractorTests.swift in Sources */,
				FDC3168022C8296200CBEA84 /* GeneratedMocks.swift in Sources */,
			);
			runOnlyForDeploymentPostprocessing = 0;
		};
		FDD7BE0922C5A86700B991F5 /* Sources */ = {
			isa = PBXSourcesBuildPhase;
			buildActionMask = 2147483647;
			files = (
				FDD7BE1222C5A86700B991F5 /* Test_GuiaBolsoUITests.swift in Sources */,
			);
			runOnlyForDeploymentPostprocessing = 0;
		};
/* End PBXSourcesBuildPhase section */

/* Begin PBXTargetDependency section */
		FDD7BE0422C5A86700B991F5 /* PBXTargetDependency */ = {
			isa = PBXTargetDependency;
			target = FDD7BDED22C5A86600B991F5 /* Test.GuiaBolso */;
			targetProxy = FDD7BE0322C5A86700B991F5 /* PBXContainerItemProxy */;
		};
		FDD7BE0F22C5A86700B991F5 /* PBXTargetDependency */ = {
			isa = PBXTargetDependency;
			target = FDD7BDED22C5A86600B991F5 /* Test.GuiaBolso */;
			targetProxy = FDD7BE0E22C5A86700B991F5 /* PBXContainerItemProxy */;
		};
/* End PBXTargetDependency section */

/* Begin PBXVariantGroup section */
		FDD7BDFA22C5A86700B991F5 /* LaunchScreen.storyboard */ = {
			isa = PBXVariantGroup;
			children = (
				FDD7BDFB22C5A86700B991F5 /* Base */,
			);
			name = LaunchScreen.storyboard;
			sourceTree = "<group>";
		};
/* End PBXVariantGroup section */

/* Begin XCBuildConfiguration section */
		FDD7BE1422C5A86700B991F5 /* Debug */ = {
			isa = XCBuildConfiguration;
			buildSettings = {
				ALWAYS_SEARCH_USER_PATHS = NO;
				CLANG_ANALYZER_NONNULL = YES;
				CLANG_ANALYZER_NUMBER_OBJECT_CONVERSION = YES_AGGRESSIVE;
				CLANG_CXX_LANGUAGE_STANDARD = "gnu++14";
				CLANG_CXX_LIBRARY = "libc++";
				CLANG_ENABLE_MODULES = YES;
				CLANG_ENABLE_OBJC_ARC = YES;
				CLANG_ENABLE_OBJC_WEAK = YES;
				CLANG_WARN_BLOCK_CAPTURE_AUTORELEASING = YES;
				CLANG_WARN_BOOL_CONVERSION = YES;
				CLANG_WARN_COMMA = YES;
				CLANG_WARN_CONSTANT_CONVERSION = YES;
				CLANG_WARN_DEPRECATED_OBJC_IMPLEMENTATIONS = YES;
				CLANG_WARN_DIRECT_OBJC_ISA_USAGE = YES_ERROR;
				CLANG_WARN_DOCUMENTATION_COMMENTS = YES;
				CLANG_WARN_EMPTY_BODY = YES;
				CLANG_WARN_ENUM_CONVERSION = YES;
				CLANG_WARN_INFINITE_RECURSION = YES;
				CLANG_WARN_INT_CONVERSION = YES;
				CLANG_WARN_NON_LITERAL_NULL_CONVERSION = YES;
				CLANG_WARN_OBJC_IMPLICIT_RETAIN_SELF = YES;
				CLANG_WARN_OBJC_LITERAL_CONVERSION = YES;
				CLANG_WARN_OBJC_ROOT_CLASS = YES_ERROR;
				CLANG_WARN_RANGE_LOOP_ANALYSIS = YES;
				CLANG_WARN_STRICT_PROTOTYPES = YES;
				CLANG_WARN_SUSPICIOUS_MOVE = YES;
				CLANG_WARN_UNGUARDED_AVAILABILITY = YES_AGGRESSIVE;
				CLANG_WARN_UNREACHABLE_CODE = YES;
				CLANG_WARN__DUPLICATE_METHOD_MATCH = YES;
				CODE_SIGN_IDENTITY = "iPhone Developer";
				COPY_PHASE_STRIP = NO;
				DEBUG_INFORMATION_FORMAT = dwarf;
				ENABLE_STRICT_OBJC_MSGSEND = YES;
				ENABLE_TESTABILITY = YES;
				GCC_C_LANGUAGE_STANDARD = gnu11;
				GCC_DYNAMIC_NO_PIC = NO;
				GCC_NO_COMMON_BLOCKS = YES;
				GCC_OPTIMIZATION_LEVEL = 0;
				GCC_PREPROCESSOR_DEFINITIONS = (
					"DEBUG=1",
					"$(inherited)",
				);
				GCC_WARN_64_TO_32_BIT_CONVERSION = YES;
				GCC_WARN_ABOUT_RETURN_TYPE = YES_ERROR;
				GCC_WARN_UNDECLARED_SELECTOR = YES;
				GCC_WARN_UNINITIALIZED_AUTOS = YES_AGGRESSIVE;
				GCC_WARN_UNUSED_FUNCTION = YES;
				GCC_WARN_UNUSED_VARIABLE = YES;
				IPHONEOS_DEPLOYMENT_TARGET = 12.2;
				MTL_ENABLE_DEBUG_INFO = INCLUDE_SOURCE;
				MTL_FAST_MATH = YES;
				ONLY_ACTIVE_ARCH = YES;
				SDKROOT = iphoneos;
				SWIFT_ACTIVE_COMPILATION_CONDITIONS = DEBUG;
				SWIFT_OPTIMIZATION_LEVEL = "-Onone";
			};
			name = Debug;
		};
		FDD7BE1522C5A86700B991F5 /* Release */ = {
			isa = XCBuildConfiguration;
			buildSettings = {
				ALWAYS_SEARCH_USER_PATHS = NO;
				CLANG_ANALYZER_NONNULL = YES;
				CLANG_ANALYZER_NUMBER_OBJECT_CONVERSION = YES_AGGRESSIVE;
				CLANG_CXX_LANGUAGE_STANDARD = "gnu++14";
				CLANG_CXX_LIBRARY = "libc++";
				CLANG_ENABLE_MODULES = YES;
				CLANG_ENABLE_OBJC_ARC = YES;
				CLANG_ENABLE_OBJC_WEAK = YES;
				CLANG_WARN_BLOCK_CAPTURE_AUTORELEASING = YES;
				CLANG_WARN_BOOL_CONVERSION = YES;
				CLANG_WARN_COMMA = YES;
				CLANG_WARN_CONSTANT_CONVERSION = YES;
				CLANG_WARN_DEPRECATED_OBJC_IMPLEMENTATIONS = YES;
				CLANG_WARN_DIRECT_OBJC_ISA_USAGE = YES_ERROR;
				CLANG_WARN_DOCUMENTATION_COMMENTS = YES;
				CLANG_WARN_EMPTY_BODY = YES;
				CLANG_WARN_ENUM_CONVERSION = YES;
				CLANG_WARN_INFINITE_RECURSION = YES;
				CLANG_WARN_INT_CONVERSION = YES;
				CLANG_WARN_NON_LITERAL_NULL_CONVERSION = YES;
				CLANG_WARN_OBJC_IMPLICIT_RETAIN_SELF = YES;
				CLANG_WARN_OBJC_LITERAL_CONVERSION = YES;
				CLANG_WARN_OBJC_ROOT_CLASS = YES_ERROR;
				CLANG_WARN_RANGE_LOOP_ANALYSIS = YES;
				CLANG_WARN_STRICT_PROTOTYPES = YES;
				CLANG_WARN_SUSPICIOUS_MOVE = YES;
				CLANG_WARN_UNGUARDED_AVAILABILITY = YES_AGGRESSIVE;
				CLANG_WARN_UNREACHABLE_CODE = YES;
				CLANG_WARN__DUPLICATE_METHOD_MATCH = YES;
				CODE_SIGN_IDENTITY = "iPhone Developer";
				COPY_PHASE_STRIP = NO;
				DEBUG_INFORMATION_FORMAT = "dwarf-with-dsym";
				ENABLE_NS_ASSERTIONS = NO;
				ENABLE_STRICT_OBJC_MSGSEND = YES;
				GCC_C_LANGUAGE_STANDARD = gnu11;
				GCC_NO_COMMON_BLOCKS = YES;
				GCC_WARN_64_TO_32_BIT_CONVERSION = YES;
				GCC_WARN_ABOUT_RETURN_TYPE = YES_ERROR;
				GCC_WARN_UNDECLARED_SELECTOR = YES;
				GCC_WARN_UNINITIALIZED_AUTOS = YES_AGGRESSIVE;
				GCC_WARN_UNUSED_FUNCTION = YES;
				GCC_WARN_UNUSED_VARIABLE = YES;
				IPHONEOS_DEPLOYMENT_TARGET = 12.2;
				MTL_ENABLE_DEBUG_INFO = NO;
				MTL_FAST_MATH = YES;
				SDKROOT = iphoneos;
				SWIFT_COMPILATION_MODE = wholemodule;
				SWIFT_OPTIMIZATION_LEVEL = "-O";
				VALIDATE_PRODUCT = YES;
			};
			name = Release;
		};
		FDD7BE1722C5A86700B991F5 /* Debug */ = {
			isa = XCBuildConfiguration;
			baseConfigurationReference = 195534FB09E1AE998720967F /* Pods-Test.GuiaBolso.debug.xcconfig */;
			buildSettings = {
				ASSETCATALOG_COMPILER_APPICON_NAME = AppIcon;
				CODE_SIGN_STYLE = Automatic;
				DEVELOPMENT_TEAM = "";
				INFOPLIST_FILE = "$(SRCROOT)/Test.GuiaBolso/Supporting Files/Info.plist";
				IPHONEOS_DEPLOYMENT_TARGET = 9.0;
				LD_RUNPATH_SEARCH_PATHS = (
					"$(inherited)",
					"@executable_path/Frameworks",
				);
				PRODUCT_BUNDLE_IDENTIFIER = "com.leandroromano.Test-GuiaBolso";
				PRODUCT_NAME = "$(TARGET_NAME)";
				SWIFT_VERSION = 5.0;
				TARGETED_DEVICE_FAMILY = "1,2";
			};
			name = Debug;
		};
		FDD7BE1822C5A86700B991F5 /* Release */ = {
			isa = XCBuildConfiguration;
			baseConfigurationReference = 06182766EEABCE17A2745DCB /* Pods-Test.GuiaBolso.release.xcconfig */;
			buildSettings = {
				ASSETCATALOG_COMPILER_APPICON_NAME = AppIcon;
				CODE_SIGN_STYLE = Automatic;
				DEVELOPMENT_TEAM = "";
				INFOPLIST_FILE = "$(SRCROOT)/Test.GuiaBolso/Supporting Files/Info.plist";
				IPHONEOS_DEPLOYMENT_TARGET = 9.0;
				LD_RUNPATH_SEARCH_PATHS = (
					"$(inherited)",
					"@executable_path/Frameworks",
				);
				PRODUCT_BUNDLE_IDENTIFIER = "com.leandroromano.Test-GuiaBolso";
				PRODUCT_NAME = "$(TARGET_NAME)";
				SWIFT_VERSION = 5.0;
				TARGETED_DEVICE_FAMILY = "1,2";
			};
			name = Release;
		};
		FDD7BE1A22C5A86700B991F5 /* Debug */ = {
			isa = XCBuildConfiguration;
			baseConfigurationReference = F4C0DFA07BA2FC9742622570 /* Pods-Test.GuiaBolsoTests.debug.xcconfig */;
			buildSettings = {
				ALWAYS_EMBED_SWIFT_STANDARD_LIBRARIES = YES;
				BUNDLE_LOADER = "$(TEST_HOST)";
				CODE_SIGN_STYLE = Automatic;
				INFOPLIST_FILE = Test.GuiaBolsoTests/Info.plist;
				LD_RUNPATH_SEARCH_PATHS = (
					"$(inherited)",
					"@executable_path/Frameworks",
					"@loader_path/Frameworks",
				);
				PRODUCT_BUNDLE_IDENTIFIER = "com.leandroromano.Test-GuiaBolsoTests";
				PRODUCT_NAME = "$(TARGET_NAME)";
				SWIFT_VERSION = 5.0;
				TARGETED_DEVICE_FAMILY = "1,2";
				TEST_HOST = "$(BUILT_PRODUCTS_DIR)/Test.GuiaBolso.app/Test.GuiaBolso";
			};
			name = Debug;
		};
		FDD7BE1B22C5A86700B991F5 /* Release */ = {
			isa = XCBuildConfiguration;
			baseConfigurationReference = F4B5FF139C7A32C7EC959978 /* Pods-Test.GuiaBolsoTests.release.xcconfig */;
			buildSettings = {
				ALWAYS_EMBED_SWIFT_STANDARD_LIBRARIES = YES;
				BUNDLE_LOADER = "$(TEST_HOST)";
				CODE_SIGN_STYLE = Automatic;
				INFOPLIST_FILE = Test.GuiaBolsoTests/Info.plist;
				LD_RUNPATH_SEARCH_PATHS = (
					"$(inherited)",
					"@executable_path/Frameworks",
					"@loader_path/Frameworks",
				);
				PRODUCT_BUNDLE_IDENTIFIER = "com.leandroromano.Test-GuiaBolsoTests";
				PRODUCT_NAME = "$(TARGET_NAME)";
				SWIFT_VERSION = 5.0;
				TARGETED_DEVICE_FAMILY = "1,2";
				TEST_HOST = "$(BUILT_PRODUCTS_DIR)/Test.GuiaBolso.app/Test.GuiaBolso";
			};
			name = Release;
		};
		FDD7BE1D22C5A86700B991F5 /* Debug */ = {
			isa = XCBuildConfiguration;
			baseConfigurationReference = 7014BD92686D4594E2075A27 /* Pods-Test.GuiaBolsoUITests.debug.xcconfig */;
			buildSettings = {
				ALWAYS_EMBED_SWIFT_STANDARD_LIBRARIES = YES;
				CODE_SIGN_STYLE = Automatic;
				INFOPLIST_FILE = Test.GuiaBolsoUITests/Info.plist;
				LD_RUNPATH_SEARCH_PATHS = (
					"$(inherited)",
					"@executable_path/Frameworks",
					"@loader_path/Frameworks",
				);
				PRODUCT_BUNDLE_IDENTIFIER = "com.leandroromano.Test-GuiaBolsoUITests";
				PRODUCT_NAME = "$(TARGET_NAME)";
				SWIFT_VERSION = 5.0;
				TARGETED_DEVICE_FAMILY = "1,2";
				TEST_TARGET_NAME = Test.GuiaBolso;
			};
			name = Debug;
		};
		FDD7BE1E22C5A86700B991F5 /* Release */ = {
			isa = XCBuildConfiguration;
			baseConfigurationReference = 4B4797643125EFADBFFB71ED /* Pods-Test.GuiaBolsoUITests.release.xcconfig */;
			buildSettings = {
				ALWAYS_EMBED_SWIFT_STANDARD_LIBRARIES = YES;
				CODE_SIGN_STYLE = Automatic;
				INFOPLIST_FILE = Test.GuiaBolsoUITests/Info.plist;
				LD_RUNPATH_SEARCH_PATHS = (
					"$(inherited)",
					"@executable_path/Frameworks",
					"@loader_path/Frameworks",
				);
				PRODUCT_BUNDLE_IDENTIFIER = "com.leandroromano.Test-GuiaBolsoUITests";
				PRODUCT_NAME = "$(TARGET_NAME)";
				SWIFT_VERSION = 5.0;
				TARGETED_DEVICE_FAMILY = "1,2";
				TEST_TARGET_NAME = Test.GuiaBolso;
			};
			name = Release;
		};
/* End XCBuildConfiguration section */

/* Begin XCConfigurationList section */
		FDD7BDE922C5A86600B991F5 /* Build configuration list for PBXProject "Test.GuiaBolso" */ = {
			isa = XCConfigurationList;
			buildConfigurations = (
				FDD7BE1422C5A86700B991F5 /* Debug */,
				FDD7BE1522C5A86700B991F5 /* Release */,
			);
			defaultConfigurationIsVisible = 0;
			defaultConfigurationName = Release;
		};
		FDD7BE1622C5A86700B991F5 /* Build configuration list for PBXNativeTarget "Test.GuiaBolso" */ = {
			isa = XCConfigurationList;
			buildConfigurations = (
				FDD7BE1722C5A86700B991F5 /* Debug */,
				FDD7BE1822C5A86700B991F5 /* Release */,
			);
			defaultConfigurationIsVisible = 0;
			defaultConfigurationName = Release;
		};
		FDD7BE1922C5A86700B991F5 /* Build configuration list for PBXNativeTarget "Test.GuiaBolsoTests" */ = {
			isa = XCConfigurationList;
			buildConfigurations = (
				FDD7BE1A22C5A86700B991F5 /* Debug */,
				FDD7BE1B22C5A86700B991F5 /* Release */,
			);
			defaultConfigurationIsVisible = 0;
			defaultConfigurationName = Release;
		};
		FDD7BE1C22C5A86700B991F5 /* Build configuration list for PBXNativeTarget "Test.GuiaBolsoUITests" */ = {
			isa = XCConfigurationList;
			buildConfigurations = (
				FDD7BE1D22C5A86700B991F5 /* Debug */,
				FDD7BE1E22C5A86700B991F5 /* Release */,
			);
			defaultConfigurationIsVisible = 0;
			defaultConfigurationName = Release;
		};
/* End XCConfigurationList section */
	};
	rootObject = FDD7BDE622C5A86600B991F5 /* Project object */;
}
